
Microsoft Visual Studio Solution File, Format Version 12.00
# Visual Studio 15
VisualStudioVersion = 15.0.27004.2002
MinimumVisualStudioVersion = 10.0.40219.1
Project("{8BC9CEB8-8B4A-11D0-8D11-00A0C91BC942}") = "openBmpImage", "openBmpImage\openBmpImage.vcxproj", "{A9FF7414-E4CC-4C3F-AC3B-1D5813697AFA}"
EndProject
Global
	GlobalSection(SolutionConfigurationPlatforms) = preSolution
		Debug|x64 = Debug|x64
		Debug|x86 = Debug|x86
		Release|x64 = Release|x64
		Release|x86 = Release|x86
	EndGlobalSection
	GlobalSection(ProjectConfigurationPlatforms) = postSolution
		{A9FF7414-E4CC-4C3F-AC3B-1D5813697AFA}.Debug|x64.ActiveCfg = Debug|x64
		{A9FF7414-E4CC-4C3F-AC3B-1D5813697AFA}.Debug|x64.Build.0 = Debug|x64
		{A9FF7414-E4CC-4C3F-AC3B-1D5813697AFA}.Debug|x86.ActiveCfg = Debug|Win32
		{A9FF7414-E4CC-4C3F-AC3B-1D5813697AFA}.Debug|x86.Build.0 = Debug|Win32
		{A9FF7414-E4CC-4C3F-AC3B-1D5813697AFA}.Release|x64.ActiveCfg = Release|x64
		{A9FF7414-E4CC-4C3F-AC3B-1D5813697AFA}.Release|x64.Build.0 = Release|x64
		{A9FF7414-E4CC-4C3F-AC3B-1D5813697AFA}.Release|x86.ActiveCfg = Release|Win32
		{A9FF7414-E4CC-4C3F-AC3B-1D5813697AFA}.Release|x86.Build.0 = Release|Win32
	EndGlobalSection
	GlobalSection(SolutionProperties) = preSolution
		HideSolutionNode = FALSE
	EndGlobalSection
	GlobalSection(ExtensibilityGlobals) = postSolution
		SolutionGuid = {95DF993F-7272-4D5E-8768-6AF5938505D8}
	EndGlobalSection
EndGlobal
